// !$*UTF8*$!
{
	archiveVersion = 1;
	classes = {
	};
	objectVersion = 77;
	objects = {

/* Begin PBXBuildFile section */
		FFBBB39D2F45D37600B837D3 /* SeihaiApp.swift in Sources */ = {isa = PBXBuildFile; fileRef = FFBBB39C2F45D37600B837D3 /* SeihaiApp.swift */; };
		FFBBB39F2F45D37600B837D3 /* RootView.swift in Sources */ = {isa = PBXBuildFile; fileRef = FFBBB39E2F45D37600B837D3 /* RootView.swift */; };
		FFBBB3B52F45D7F500B837D3 /* SeihaiTheme.swift in Sources */ = {isa = PBXBuildFile; fileRef = FFBBB3AA2F45D63400B837D3 /* SeihaiTheme.swift */; };
		FFBBB3B72F45D83C00B837D3 /* Thought.swift in Sources */ = {isa = PBXBuildFile; fileRef = FFBBB3B62F45D82B00B837D3 /* Thought.swift */; };
		FFBBB3BD2F472DE200B837D3 /* SeihaiSegment.swift in Sources */ = {isa = PBXBuildFile; fileRef = FFBBB3B92F472DE200B837D3 /* SeihaiSegment.swift */; };
		FFBBB3BE2F472DE200B837D3 /* SeihaiViewModel.swift in Sources */ = {isa = PBXBuildFile; fileRef = FFBBB3BC2F472DE200B837D3 /* SeihaiViewModel.swift */; };
		FFBBB3BF2F472DE200B837D3 /* Assets.xcassets in Resources */ = {isa = PBXBuildFile; fileRef = FFBBB3BB2F472DE200B837D3 /* Assets.xcassets */; };
		FFBBB3C42F472E8E00B837D3 /* InputView.swift in Sources */ = {isa = PBXBuildFile; fileRef = FFBBB3C32F472E8300B837D3 /* InputView.swift */; };
		FFBBB3C72F47308400B837D3 /* Haptics.swift in Sources */ = {isa = PBXBuildFile; fileRef = FFBBB3C62F47308000B837D3 /* Haptics.swift */; };
		FFBBB3C92F4730AC00B837D3 /* UndoToast.swift in Sources */ = {isa = PBXBuildFile; fileRef = FFBBB3C82F4730A900B837D3 /* UndoToast.swift */; };
		FFBBB3CB2F47310800B837D3 /* OrganizeView.swift in Sources */ = {isa = PBXBuildFile; fileRef = FFBBB3CA2F47310500B837D3 /* OrganizeView.swift */; };
		FFBBB3CE2F47332400B837D3 /* UserDefaultsStore.swift in Sources */ = {isa = PBXBuildFile; fileRef = FFBBB3CD2F47317400B837D3 /* UserDefaultsStore.swift */; };
		FFBBB3CF2F47332B00B837D3 /* SeihaiSnapshot.swift in Sources */ = {isa = PBXBuildFile; fileRef = FFBBB3CC2F47315700B837D3 /* SeihaiSnapshot.swift */; };
		FFBBB3D12F4733DE00B837D3 /* ActionCard.swift in Sources */ = {isa = PBXBuildFile; fileRef = FFBBB3D02F4733DC00B837D3 /* ActionCard.swift */; };
		FFBBB3D32F47340500B837D3 /* ActionGenerator.swift in Sources */ = {isa = PBXBuildFile; fileRef = FFBBB3D22F47340100B837D3 /* ActionGenerator.swift */; };
		FFBBB3D52F47348300B837D3 /* ActionView.swift in Sources */ = {isa = PBXBuildFile; fileRef = FFBBB3D42F47348000B837D3 /* ActionView.swift */; };
		FFBBB3D72F4734A600B837D3 /* ShareSheet.swift in Sources */ = {isa = PBXBuildFile; fileRef = FFBBB3D62F4734A300B837D3 /* ShareSheet.swift */; };
/* End PBXBuildFile section */

/* Begin PBXFileReference section */
		FFBBB39C2F45D37600B837D3 /* SeihaiApp.swift */ = {isa = PBXFileReference; lastKnownFileType = sourcecode.swift; path = SeihaiApp.swift; sourceTree = "<group>"; };
		FFBBB39E2F45D37600B837D3 /* RootView.swift */ = {isa = PBXFileReference; lastKnownFileType = sourcecode.swift; path = RootView.swift; sourceTree = "<group>"; };
		FFBBB3AA2F45D63400B837D3 /* SeihaiTheme.swift */ = {isa = PBXFileReference; lastKnownFileType = sourcecode.swift; path = SeihaiTheme.swift; sourceTree = "<group>"; };
		FFBBB3B62F45D82B00B837D3 /* Thought.swift */ = {isa = PBXFileReference; lastKnownFileType = sourcecode.swift; path = Thought.swift; sourceTree = "<group>"; };
		FFBBB3B82F472DE200B837D3 /* Seihai.app */ = {isa = PBXFileReference; explicitFileType = wrapper.application; includeInIndex = 0; path = Seihai.app; sourceTree = BUILT_PRODUCTS_DIR; };
		FFBBB3B92F472DE200B837D3 /* SeihaiSegment.swift */ = {isa = PBXFileReference; lastKnownFileType = sourcecode.swift; path = SeihaiSegment.swift; sourceTree = "<group>"; };
		FFBBB3BB2F472DE200B837D3 /* Assets.xcassets */ = {isa = PBXFileReference; lastKnownFileType = folder.assetcatalog; path = Assets.xcassets; sourceTree = "<group>"; };
		FFBBB3BC2F472DE200B837D3 /* SeihaiViewModel.swift */ = {isa = PBXFileReference; lastKnownFileType = sourcecode.swift; path = SeihaiViewModel.swift; sourceTree = "<group>"; };
		FFBBB3C32F472E8300B837D3 /* InputView.swift */ = {isa = PBXFileReference; lastKnownFileType = sourcecode.swift; path = InputView.swift; sourceTree = "<group>"; };
		FFBBB3C62F47308000B837D3 /* Haptics.swift */ = {isa = PBXFileReference; lastKnownFileType = sourcecode.swift; path = Haptics.swift; sourceTree = "<group>"; };
		FFBBB3C82F4730A900B837D3 /* UndoToast.swift */ = {isa = PBXFileReference; lastKnownFileType = sourcecode.swift; path = UndoToast.swift; sourceTree = "<group>"; };
		FFBBB3CA2F47310500B837D3 /* OrganizeView.swift */ = {isa = PBXFileReference; lastKnownFileType = sourcecode.swift; path = OrganizeView.swift; sourceTree = "<group>"; };
		FFBBB3CC2F47315700B837D3 /* SeihaiSnapshot.swift */ = {isa = PBXFileReference; lastKnownFileType = sourcecode.swift; path = SeihaiSnapshot.swift; sourceTree = "<group>"; };
		FFBBB3CD2F47317400B837D3 /* UserDefaultsStore.swift */ = {isa = PBXFileReference; lastKnownFileType = sourcecode.swift; path = UserDefaultsStore.swift; sourceTree = "<group>"; };
		FFBBB3D02F4733DC00B837D3 /* ActionCard.swift */ = {isa = PBXFileReference; lastKnownFileType = sourcecode.swift; path = ActionCard.swift; sourceTree = "<group>"; };
		FFBBB3D22F47340100B837D3 /* ActionGenerator.swift */ = {isa = PBXFileReference; lastKnownFileType = sourcecode.swift; path = ActionGenerator.swift; sourceTree = "<group>"; };
		FFBBB3D42F47348000B837D3 /* ActionView.swift */ = {isa = PBXFileReference; lastKnownFileType = sourcecode.swift; path = ActionView.swift; sourceTree = "<group>"; };
		FFBBB3D62F4734A300B837D3 /* ShareSheet.swift */ = {isa = PBXFileReference; lastKnownFileType = sourcecode.swift; path = ShareSheet.swift; sourceTree = "<group>"; };
/* End PBXFileReference section */

/* Begin PBXFrameworksBuildPhase section */
		FFBBB3962F45D37600B837D3 /* Frameworks */ = {
			isa = PBXFrameworksBuildPhase;
			buildActionMask = 2147483647;
			files = (
			);
			runOnlyForDeploymentPostprocessing = 0;
		};
/* End PBXFrameworksBuildPhase section */

/* Begin PBXGroup section */
		FFBBB3902F45D37600B837D3 = {
			isa = PBXGroup;
			children = (
				FFBBB3C52F472F7200B837D3 /* Data */,
				FFBBB3A92F45D41400B837D3 /* DesignSystem */,
				FFBBB3A82F45D3DD00B837D3 /* App */,
				FFBBB3A72F45D39900B837D3 /* Domain */,
				FFBBB39A2F45D37600B837D3 /* Data */,
				FFBBB3C02F472E1900B837D3 /* Presentation */,
			);
			sourceTree = "<group>";
		};
		FFBBB39A2F45D37600B837D3 /* Data */ = {
			isa = PBXGroup;
			children = (
				FFBBB3B82F472DE200B837D3 /* Seihai.app */,
			);
			name = Data;
			sourceTree = "<group>";
		};
		FFBBB3A72F45D39900B837D3 /* Domain */ = {
			isa = PBXGroup;
			children = (
				FFBBB3D22F47340100B837D3 /* ActionGenerator.swift */,
				FFBBB3D02F4733DC00B837D3 /* ActionCard.swift */,
				FFBBB3B62F45D82B00B837D3 /* Thought.swift */,
			);
			path = Domain;
			sourceTree = "<group>";
		};
		FFBBB3A82F45D3DD00B837D3 /* App */ = {
			isa = PBXGroup;
			children = (
				FFBBB39E2F45D37600B837D3 /* RootView.swift */,
				FFBBB39C2F45D37600B837D3 /* SeihaiApp.swift */,
			);
			path = App;
			sourceTree = "<group>";
		};
		FFBBB3A92F45D41400B837D3 /* DesignSystem */ = {
			isa = PBXGroup;
			children = (
				FFBBB3C62F47308000B837D3 /* Haptics.swift */,
				FFBBB3AA2F45D63400B837D3 /* SeihaiTheme.swift */,
			);
			path = DesignSystem;
			sourceTree = "<group>";
		};
		FFBBB3C02F472E1900B837D3 /* Presentation */ = {
			isa = PBXGroup;
			children = (
				FFBBB3C12F472E3500B837D3 /* Components */,
				FFBBB3BB2F472DE200B837D3 /* Assets.xcassets */,
				FFBBB3BC2F472DE200B837D3 /* SeihaiViewModel.swift */,
				FFBBB3C22F472E7100B837D3 /* Views */,
			);
			path = Presentation;
			sourceTree = "<group>";
		};
		FFBBB3C12F472E3500B837D3 /* Components */ = {
			isa = PBXGroup;
			children = (
				FFBBB3D62F4734A300B837D3 /* ShareSheet.swift */,
				FFBBB3C82F4730A900B837D3 /* UndoToast.swift */,
				FFBBB3B92F472DE200B837D3 /* SeihaiSegment.swift */,
			);
			path = Components;
			sourceTree = "<group>";
		};
		FFBBB3C22F472E7100B837D3 /* Views */ = {
			isa = PBXGroup;
			children = (
				FFBBB3D42F47348000B837D3 /* ActionView.swift */,
				FFBBB3CA2F47310500B837D3 /* OrganizeView.swift */,
				FFBBB3C32F472E8300B837D3 /* InputView.swift */,
			);
			path = Views;
			sourceTree = "<group>";
		};
		FFBBB3C52F472F7200B837D3 /* Data */ = {
			isa = PBXGroup;
			children = (
				FFBBB3CD2F47317400B837D3 /* UserDefaultsStore.swift */,
				FFBBB3CC2F47315700B837D3 /* SeihaiSnapshot.swift */,
			);
			path = Data;
			sourceTree = "<group>";
		};
/* End PBXGroup section */

/* Begin PBXNativeTarget section */
		FFBBB3982F45D37600B837D3 /* Seihai */ = {
			isa = PBXNativeTarget;
			buildConfigurationList = FFBBB3A42F45D37700B837D3 /* Build configuration list for PBXNativeTarget "Seihai" */;
			buildPhases = (
				FFBBB3952F45D37600B837D3 /* Sources */,
				FFBBB3962F45D37600B837D3 /* Frameworks */,
				FFBBB3972F45D37600B837D3 /* Resources */,
			);
			buildRules = (
			);
			dependencies = (
			);
			name = Seihai;
			packageProductDependencies = (
			);
			productName = Seihai;
			productReference = FFBBB3B82F472DE200B837D3 /* Seihai.app */;
			productType = "com.apple.product-type.application";
		};
/* End PBXNativeTarget section */

/* Begin PBXProject section */
		FFBBB3912F45D37600B837D3 /* Project object */ = {
			isa = PBXProject;
			attributes = {
				BuildIndependentTargetsInParallel = 1;
				LastSwiftUpdateCheck = 2620;
				LastUpgradeCheck = 2620;
				TargetAttributes = {
					FFBBB3982F45D37600B837D3 = {
						CreatedOnToolsVersion = 26.2;
					};
				};
			};
			buildConfigurationList = FFBBB3942F45D37600B837D3 /* Build configuration list for PBXProject "Seihai" */;
			developmentRegion = en;
			hasScannedForEncodings = 0;
			knownRegions = (
				en,
				Base,
			);
			mainGroup = FFBBB3902F45D37600B837D3;
			minimizedProjectReferenceProxies = 1;
			preferredProjectObjectVersion = 77;
			productRefGroup = FFBBB39A2F45D37600B837D3 /* Data */;
			projectDirPath = "";
			projectRoot = "";
			targets = (
				FFBBB3982F45D37600B837D3 /* Seihai */,
			);
		};
/* End PBXProject section */

/* Begin PBXResourcesBuildPhase section */
		FFBBB3972F45D37600B837D3 /* Resources */ = {
			isa = PBXResourcesBuildPhase;
			buildActionMask = 2147483647;
			files = (
				FFBBB3BF2F472DE200B837D3 /* Assets.xcassets in Resources */,
			);
			runOnlyForDeploymentPostprocessing = 0;
		};
/* End PBXResourcesBuildPhase section */

/* Begin PBXSourcesBuildPhase section */
		FFBBB3952F45D37600B837D3 /* Sources */ = {
			isa = PBXSourcesBuildPhase;
			buildActionMask = 2147483647;
			files = (
				FFBBB3D52F47348300B837D3 /* ActionView.swift in Sources */,
				FFBBB3C92F4730AC00B837D3 /* UndoToast.swift in Sources */,
				FFBBB3B52F45D7F500B837D3 /* SeihaiTheme.swift in Sources */,
				FFBBB3C42F472E8E00B837D3 /* InputView.swift in Sources */,
				FFBBB3CE2F47332400B837D3 /* UserDefaultsStore.swift in Sources */,
				FFBBB3BD2F472DE200B837D3 /* SeihaiSegment.swift in Sources */,
				FFBBB3D32F47340500B837D3 /* ActionGenerator.swift in Sources */,
				FFBBB3D72F4734A600B837D3 /* ShareSheet.swift in Sources */,
				FFBBB3BE2F472DE200B837D3 /* SeihaiViewModel.swift in Sources */,
				FFBBB3CF2F47332B00B837D3 /* SeihaiSnapshot.swift in Sources */,
				FFBBB3C72F47308400B837D3 /* Haptics.swift in Sources */,
				FFBBB39F2F45D37600B837D3 /* RootView.swift in Sources */,
				FFBBB3D12F4733DE00B837D3 /* ActionCard.swift in Sources */,
				FFBBB39D2F45D37600B837D3 /* SeihaiApp.swift in Sources */,
				FFBBB3B72F45D83C00B837D3 /* Thought.swift in Sources */,
				FFBBB3CB2F47310800B837D3 /* OrganizeView.swift in Sources */,
			);
			runOnlyForDeploymentPostprocessing = 0;
		};
/* End PBXSourcesBuildPhase section */

/* Begin XCBuildConfiguration section */
		FFBBB3A22F45D37700B837D3 /* Debug */ = {
			isa = XCBuildConfiguration;
			buildSettings = {
				ALWAYS_SEARCH_USER_PATHS = NO;
				ASSETCATALOG_COMPILER_GENERATE_SWIFT_ASSET_SYMBOL_EXTENSIONS = YES;
				CLANG_ANALYZER_NONNULL = YES;
				CLANG_ANALYZER_NUMBER_OBJECT_CONVERSION = YES_AGGRESSIVE;
				CLANG_CXX_LANGUAGE_STANDARD = "gnu++20";
				CLANG_ENABLE_MODULES = YES;
				CLANG_ENABLE_OBJC_ARC = YES;
				CLANG_ENABLE_OBJC_WEAK = YES;
				CLANG_WARN_BLOCK_CAPTURE_AUTORELEASING = YES;
				CLANG_WARN_BOOL_CONVERSION = YES;
				CLANG_WARN_COMMA = YES;
				CLANG_WARN_CONSTANT_CONVERSION = YES;
				CLANG_WARN_DEPRECATED_OBJC_IMPLEMENTATIONS = YES;
				CLANG_WARN_DIRECT_OBJC_ISA_USAGE = YES_ERROR;
				CLANG_WARN_DOCUMENTATION_COMMENTS = YES;
				CLANG_WARN_EMPTY_BODY = YES;
				CLANG_WARN_ENUM_CONVERSION = YES;
				CLANG_WARN_INFINITE_RECURSION = YES;
				CLANG_WARN_INT_CONVERSION = YES;
				CLANG_WARN_NON_LITERAL_NULL_CONVERSION = YES;
				CLANG_WARN_OBJC_IMPLICIT_RETAIN_SELF = YES;
				CLANG_WARN_OBJC_LITERAL_CONVERSION = YES;
				CLANG_WARN_OBJC_ROOT_CLASS = YES_ERROR;
				CLANG_WARN_QUOTED_INCLUDE_IN_FRAMEWORK_HEADER = YES;
				CLANG_WARN_RANGE_LOOP_ANALYSIS = YES;
				CLANG_WARN_STRICT_PROTOTYPES = YES;
				CLANG_WARN_SUSPICIOUS_MOVE = YES;
				CLANG_WARN_UNGUARDED_AVAILABILITY = YES_AGGRESSIVE;
				CLANG_WARN_UNREACHABLE_CODE = YES;
				CLANG_WARN__DUPLICATE_METHOD_MATCH = YES;
				COPY_PHASE_STRIP = NO;
				DEBUG_INFORMATION_FORMAT = dwarf;
				DEVELOPMENT_TEAM = 2XLNBPAQ28;
				ENABLE_STRICT_OBJC_MSGSEND = YES;
				ENABLE_TESTABILITY = YES;
				ENABLE_USER_SCRIPT_SANDBOXING = YES;
				GCC_C_LANGUAGE_STANDARD = gnu17;
				GCC_DYNAMIC_NO_PIC = NO;
				GCC_NO_COMMON_BLOCKS = YES;
				GCC_OPTIMIZATION_LEVEL = 0;
				GCC_PREPROCESSOR_DEFINITIONS = (
					"DEBUG=1",
					"$(inherited)",
				);
				GCC_WARN_64_TO_32_BIT_CONVERSION = YES;
				GCC_WARN_ABOUT_RETURN_TYPE = YES_ERROR;
				GCC_WARN_UNDECLARED_SELECTOR = YES;
				GCC_WARN_UNINITIALIZED_AUTOS = YES_AGGRESSIVE;
				GCC_WARN_UNUSED_FUNCTION = YES;
				GCC_WARN_UNUSED_VARIABLE = YES;
				IPHONEOS_DEPLOYMENT_TARGET = 26.2;
				LOCALIZATION_PREFERS_STRING_CATALOGS = YES;
				MTL_ENABLE_DEBUG_INFO = INCLUDE_SOURCE;
				MTL_FAST_MATH = YES;
				ONLY_ACTIVE_ARCH = YES;
				SDKROOT = iphoneos;
				SWIFT_ACTIVE_COMPILATION_CONDITIONS = "DEBUG $(inherited)";
				SWIFT_OPTIMIZATION_LEVEL = "-Onone";
			};
			name = Debug;
		};
		FFBBB3A32F45D37700B837D3 /* Release */ = {
			isa = XCBuildConfiguration;
			buildSettings = {
				ALWAYS_SEARCH_USER_PATHS = NO;
				ASSETCATALOG_COMPILER_GENERATE_SWIFT_ASSET_SYMBOL_EXTENSIONS = YES;
				CLANG_ANALYZER_NONNULL = YES;
				CLANG_ANALYZER_NUMBER_OBJECT_CONVERSION = YES_AGGRESSIVE;
				CLANG_CXX_LANGUAGE_STANDARD = "gnu++20";
				CLANG_ENABLE_MODULES = YES;
				CLANG_ENABLE_OBJC_ARC = YES;
				CLANG_ENABLE_OBJC_WEAK = YES;
				CLANG_WARN_BLOCK_CAPTURE_AUTORELEASING = YES;
				CLANG_WARN_BOOL_CONVERSION = YES;
				CLANG_WARN_COMMA = YES;
				CLANG_WARN_CONSTANT_CONVERSION = YES;
				CLANG_WARN_DEPRECATED_OBJC_IMPLEMENTATIONS = YES;
				CLANG_WARN_DIRECT_OBJC_ISA_USAGE = YES_ERROR;
				CLANG_WARN_DOCUMENTATION_COMMENTS = YES;
				CLANG_WARN_EMPTY_BODY = YES;
				CLANG_WARN_ENUM_CONVERSION = YES;
				CLANG_WARN_INFINITE_RECURSION = YES;
				CLANG_WARN_INT_CONVERSION = YES;
				CLANG_WARN_NON_LITERAL_NULL_CONVERSION = YES;
				CLANG_WARN_OBJC_IMPLICIT_RETAIN_SELF = YES;
				CLANG_WARN_OBJC_LITERAL_CONVERSION = YES;
				CLANG_WARN_OBJC_ROOT_CLASS = YES_ERROR;
				CLANG_WARN_QUOTED_INCLUDE_IN_FRAMEWORK_HEADER = YES;
				CLANG_WARN_RANGE_LOOP_ANALYSIS = YES;
				CLANG_WARN_STRICT_PROTOTYPES = YES;
				CLANG_WARN_SUSPICIOUS_MOVE = YES;
				CLANG_WARN_UNGUARDED_AVAILABILITY = YES_AGGRESSIVE;
				CLANG_WARN_UNREACHABLE_CODE = YES;
				CLANG_WARN__DUPLICATE_METHOD_MATCH = YES;
				COPY_PHASE_STRIP = NO;
				DEBUG_INFORMATION_FORMAT = "dwarf-with-dsym";
				DEVELOPMENT_TEAM = 2XLNBPAQ28;
				ENABLE_NS_ASSERTIONS = NO;
				ENABLE_STRICT_OBJC_MSGSEND = YES;
				ENABLE_USER_SCRIPT_SANDBOXING = YES;
				GCC_C_LANGUAGE_STANDARD = gnu17;
				GCC_NO_COMMON_BLOCKS = YES;
				GCC_WARN_64_TO_32_BIT_CONVERSION = YES;
				GCC_WARN_ABOUT_RETURN_TYPE = YES_ERROR;
				GCC_WARN_UNDECLARED_SELECTOR = YES;
				GCC_WARN_UNINITIALIZED_AUTOS = YES_AGGRESSIVE;
				GCC_WARN_UNUSED_FUNCTION = YES;
				GCC_WARN_UNUSED_VARIABLE = YES;
				IPHONEOS_DEPLOYMENT_TARGET = 26.2;
				LOCALIZATION_PREFERS_STRING_CATALOGS = YES;
				MTL_ENABLE_DEBUG_INFO = NO;
				MTL_FAST_MATH = YES;
				SDKROOT = iphoneos;
				SWIFT_COMPILATION_MODE = wholemodule;
				VALIDATE_PRODUCT = YES;
			};
			name = Release;
		};
		FFBBB3A52F45D37700B837D3 /* Debug */ = {
			isa = XCBuildConfiguration;
			buildSettings = {
				ASSETCATALOG_COMPILER_APPICON_NAME = AppIcon;
				ASSETCATALOG_COMPILER_GLOBAL_ACCENT_COLOR_NAME = AccentColor;
				CODE_SIGN_STYLE = Automatic;
				CURRENT_PROJECT_VERSION = 1;
				DEVELOPMENT_TEAM = 2XLNBPAQ28;
				ENABLE_PREVIEWS = YES;
				GENERATE_INFOPLIST_FILE = YES;
				INFOPLIST_KEY_UIApplicationSceneManifest_Generation = YES;
				INFOPLIST_KEY_UIApplicationSupportsIndirectInputEvents = YES;
				INFOPLIST_KEY_UILaunchScreen_Generation = YES;
				INFOPLIST_KEY_UISupportedInterfaceOrientations_iPad = "UIInterfaceOrientationPortrait UIInterfaceOrientationPortraitUpsideDown UIInterfaceOrientationLandscapeLeft UIInterfaceOrientationLandscapeRight";
				INFOPLIST_KEY_UISupportedInterfaceOrientations_iPhone = "UIInterfaceOrientationPortrait UIInterfaceOrientationLandscapeLeft UIInterfaceOrientationLandscapeRight";
				LD_RUNPATH_SEARCH_PATHS = (
					"$(inherited)",
					"@executable_path/Frameworks",
				);
				MARKETING_VERSION = 1.0;
				PRODUCT_BUNDLE_IDENTIFIER = com.makahiki.Seihai;
				PRODUCT_NAME = "$(TARGET_NAME)";
				STRING_CATALOG_GENERATE_SYMBOLS = YES;
				SWIFT_APPROACHABLE_CONCURRENCY = YES;
				SWIFT_DEFAULT_ACTOR_ISOLATION = MainActor;
				SWIFT_EMIT_LOC_STRINGS = YES;
				SWIFT_UPCOMING_FEATURE_MEMBER_IMPORT_VISIBILITY = YES;
				SWIFT_VERSION = 5.0;
				TARGETED_DEVICE_FAMILY = "1,2";
			};
			name = Debug;
		};
		FFBBB3A62F45D37700B837D3 /* Release */ = {
			isa = XCBuildConfiguration;
			buildSettings = {
				ASSETCATALOG_COMPILER_APPICON_NAME = AppIcon;
				ASSETCATALOG_COMPILER_GLOBAL_ACCENT_COLOR_NAME = AccentColor;
				CODE_SIGN_STYLE = Automatic;
				CURRENT_PROJECT_VERSION = 1;
				DEVELOPMENT_TEAM = 2XLNBPAQ28;
				ENABLE_PREVIEWS = YES;
				GENERATE_INFOPLIST_FILE = YES;
				INFOPLIST_KEY_UIApplicationSceneManifest_Generation = YES;
				INFOPLIST_KEY_UIApplicationSupportsIndirectInputEvents = YES;
				INFOPLIST_KEY_UILaunchScreen_Generation = YES;
				INFOPLIST_KEY_UISupportedInterfaceOrientations_iPad = "UIInterfaceOrientationPortrait UIInterfaceOrientationPortraitUpsideDown UIInterfaceOrientationLandscapeLeft UIInterfaceOrientationLandscapeRight";
				INFOPLIST_KEY_UISupportedInterfaceOrientations_iPhone = "UIInterfaceOrientationPortrait UIInterfaceOrientationLandscapeLeft UIInterfaceOrientationLandscapeRight";
				LD_RUNPATH_SEARCH_PATHS = (
					"$(inherited)",
					"@executable_path/Frameworks",
				);
				MARKETING_VERSION = 1.0;
				PRODUCT_BUNDLE_IDENTIFIER = com.makahiki.Seihai;
				PRODUCT_NAME = "$(TARGET_NAME)";
				STRING_CATALOG_GENERATE_SYMBOLS = YES;
				SWIFT_APPROACHABLE_CONCURRENCY = YES;
				SWIFT_DEFAULT_ACTOR_ISOLATION = MainActor;
				SWIFT_EMIT_LOC_STRINGS = YES;
				SWIFT_UPCOMING_FEATURE_MEMBER_IMPORT_VISIBILITY = YES;
				SWIFT_VERSION = 5.0;
				TARGETED_DEVICE_FAMILY = "1,2";
			};
			name = Release;
		};
/* End XCBuildConfiguration section */

/* Begin XCConfigurationList section */
		FFBBB3942F45D37600B837D3 /* Build configuration list for PBXProject "Seihai" */ = {
			isa = XCConfigurationList;
			buildConfigurations = (
				FFBBB3A22F45D37700B837D3 /* Debug */,
				FFBBB3A32F45D37700B837D3 /* Release */,
			);
			defaultConfigurationIsVisible = 0;
			defaultConfigurationName = Release;
		};
		FFBBB3A42F45D37700B837D3 /* Build configuration list for PBXNativeTarget "Seihai" */ = {
			isa = XCConfigurationList;
			buildConfigurations = (
				FFBBB3A52F45D37700B837D3 /* Debug */,
				FFBBB3A62F45D37700B837D3 /* Release */,
			);
			defaultConfigurationIsVisible = 0;
			defaultConfigurationName = Release;
		};
/* End XCConfigurationList section */
	};
	rootObject = FFBBB3912F45D37600B837D3 /* Project object */;
}
